
Microsoft Visual Studio Solution File, Format Version 12.00
# Visual Studio Version 17
VisualStudioVersion = 17.7.34024.191
MinimumVisualStudioVersion = 10.0.40219.1
Project("{9A19103F-16F7-4668-BE54-9A1E7A4F7556}") = "AndWangs", "AndWangs.csproj", "{B8B9C470-1F62-46AC-87D4-2EEE38F14AAB}"
EndProject
Global
	GlobalSection(SolutionConfigurationPlatforms) = preSolution
		Debug|Any CPU = Debug|Any CPU
		Release|Any CPU = Release|Any CPU
	EndGlobalSection
	GlobalSection(ProjectConfigurationPlatforms) = postSolution
		{B8B9C470-1F62-46AC-87D4-2EEE38F14AAB}.Debug|Any CPU.ActiveCfg = Debug|Any CPU
		{B8B9C470-1F62-46AC-87D4-2EEE38F14AAB}.Debug|Any CPU.Build.0 = Debug|Any CPU
		{B8B9C470-1F62-46AC-87D4-2EEE38F14AAB}.Release|Any CPU.ActiveCfg = Release|Any CPU
		{B8B9C470-1F62-46AC-87D4-2EEE38F14AAB}.Release|Any CPU.Build.0 = Release|Any CPU
	EndGlobalSection
	GlobalSection(SolutionProperties) = preSolution
		HideSolutionNode = FALSE
	EndGlobalSection
	GlobalSection(ExtensibilityGlobals) = postSolution
		SolutionGuid = {158F1363-6080-4B54-AFB0-79F7FA887854}
	EndGlobalSection
EndGlobal
